
Microsoft Visual Studio Solution File, Format Version 12.00
# Visual Studio Version 17
VisualStudioVersion = 17.4.33213.308
MinimumVisualStudioVersion = 10.0.40219.1
Project("{FAE04EC0-301F-11D3-BF4B-00C04F79EFBC}") = "C 7", "C 7\C 7.csproj", "{CC0A9E34-A142-4693-9BB0-FFC99DDEE72F}"
EndProject
Global
	GlobalSection(SolutionConfigurationPlatforms) = preSolution
		Debug|Any CPU = Debug|Any CPU
		Release|Any CPU = Release|Any CPU
	EndGlobalSection
	GlobalSection(ProjectConfigurationPlatforms) = postSolution
		{CC0A9E34-A142-4693-9BB0-FFC99DDEE72F}.Debug|Any CPU.ActiveCfg = Debug|Any CPU
		{CC0A9E34-A142-4693-9BB0-FFC99DDEE72F}.Debug|Any CPU.Build.0 = Debug|Any CPU
		{CC0A9E34-A142-4693-9BB0-FFC99DDEE72F}.Release|Any CPU.ActiveCfg = Release|Any CPU
		{CC0A9E34-A142-4693-9BB0-FFC99DDEE72F}.Release|Any CPU.Build.0 = Release|Any CPU
	EndGlobalSection
	GlobalSection(SolutionProperties) = preSolution
		HideSolutionNode = FALSE
	EndGlobalSection
	GlobalSection(ExtensibilityGlobals) = postSolution
		SolutionGuid = {452BF433-B0A8-4C77-802A-904F2D38DFFE}
	EndGlobalSection
EndGlobal
