
Microsoft Visual Studio Solution File, Format Version 12.00
# Visual Studio Version 17
VisualStudioVersion = 17.4.33213.308
MinimumVisualStudioVersion = 10.0.40219.1
Project("{FAE04EC0-301F-11D3-BF4B-00C04F79EFBC}") = "D3", "D3\D3.csproj", "{D897BED0-C4F2-4687-A96C-56C48F330156}"
EndProject
Global
	GlobalSection(SolutionConfigurationPlatforms) = preSolution
		Debug|Any CPU = Debug|Any CPU
		Release|Any CPU = Release|Any CPU
	EndGlobalSection
	GlobalSection(ProjectConfigurationPlatforms) = postSolution
		{D897BED0-C4F2-4687-A96C-56C48F330156}.Debug|Any CPU.ActiveCfg = Debug|Any CPU
		{D897BED0-C4F2-4687-A96C-56C48F330156}.Debug|Any CPU.Build.0 = Debug|Any CPU
		{D897BED0-C4F2-4687-A96C-56C48F330156}.Release|Any CPU.ActiveCfg = Release|Any CPU
		{D897BED0-C4F2-4687-A96C-56C48F330156}.Release|Any CPU.Build.0 = Release|Any CPU
	EndGlobalSection
	GlobalSection(SolutionProperties) = preSolution
		HideSolutionNode = FALSE
	EndGlobalSection
	GlobalSection(ExtensibilityGlobals) = postSolution
		SolutionGuid = {57DD1D6F-895F-4813-B7F7-C70EC85A4C01}
	EndGlobalSection
EndGlobal
