
Microsoft Visual Studio Solution File, Format Version 12.00
# Visual Studio Version 17
VisualStudioVersion = 17.4.33213.308
MinimumVisualStudioVersion = 10.0.40219.1
Project("{FAE04EC0-301F-11D3-BF4B-00C04F79EFBC}") = "D5", "D5\D5.csproj", "{1EC00B71-C87F-4E5D-9E2E-810A3D4290B5}"
EndProject
Global
	GlobalSection(SolutionConfigurationPlatforms) = preSolution
		Debug|Any CPU = Debug|Any CPU
		Release|Any CPU = Release|Any CPU
	EndGlobalSection
	GlobalSection(ProjectConfigurationPlatforms) = postSolution
		{1EC00B71-C87F-4E5D-9E2E-810A3D4290B5}.Debug|Any CPU.ActiveCfg = Debug|Any CPU
		{1EC00B71-C87F-4E5D-9E2E-810A3D4290B5}.Debug|Any CPU.Build.0 = Debug|Any CPU
		{1EC00B71-C87F-4E5D-9E2E-810A3D4290B5}.Release|Any CPU.ActiveCfg = Release|Any CPU
		{1EC00B71-C87F-4E5D-9E2E-810A3D4290B5}.Release|Any CPU.Build.0 = Release|Any CPU
	EndGlobalSection
	GlobalSection(SolutionProperties) = preSolution
		HideSolutionNode = FALSE
	EndGlobalSection
	GlobalSection(ExtensibilityGlobals) = postSolution
		SolutionGuid = {B4AFEA1A-B21D-422A-A2BE-33CE85CDACFD}
	EndGlobalSection
EndGlobal
