
Microsoft Visual Studio Solution File, Format Version 12.00
# Visual Studio Version 17
VisualStudioVersion = 17.4.33213.308
MinimumVisualStudioVersion = 10.0.40219.1
Project("{FAE04EC0-301F-11D3-BF4B-00C04F79EFBC}") = "B 5", "B 5\B 5.csproj", "{587C95ED-1C40-4CF7-9C66-6AD93BBDAC92}"
EndProject
Global
	GlobalSection(SolutionConfigurationPlatforms) = preSolution
		Debug|Any CPU = Debug|Any CPU
		Release|Any CPU = Release|Any CPU
	EndGlobalSection
	GlobalSection(ProjectConfigurationPlatforms) = postSolution
		{587C95ED-1C40-4CF7-9C66-6AD93BBDAC92}.Debug|Any CPU.ActiveCfg = Debug|Any CPU
		{587C95ED-1C40-4CF7-9C66-6AD93BBDAC92}.Debug|Any CPU.Build.0 = Debug|Any CPU
		{587C95ED-1C40-4CF7-9C66-6AD93BBDAC92}.Release|Any CPU.ActiveCfg = Release|Any CPU
		{587C95ED-1C40-4CF7-9C66-6AD93BBDAC92}.Release|Any CPU.Build.0 = Release|Any CPU
	EndGlobalSection
	GlobalSection(SolutionProperties) = preSolution
		HideSolutionNode = FALSE
	EndGlobalSection
	GlobalSection(ExtensibilityGlobals) = postSolution
		SolutionGuid = {59765469-6478-49A8-9A24-376438F53D50}
	EndGlobalSection
EndGlobal
