
Microsoft Visual Studio Solution File, Format Version 12.00
# Visual Studio Version 17
VisualStudioVersion = 17.4.33213.308
MinimumVisualStudioVersion = 10.0.40219.1
Project("{FAE04EC0-301F-11D3-BF4B-00C04F79EFBC}") = "D4", "D4\D4.csproj", "{5274ACE4-F6BE-44FA-A091-47BAA493ABAD}"
EndProject
Global
	GlobalSection(SolutionConfigurationPlatforms) = preSolution
		Debug|Any CPU = Debug|Any CPU
		Release|Any CPU = Release|Any CPU
	EndGlobalSection
	GlobalSection(ProjectConfigurationPlatforms) = postSolution
		{5274ACE4-F6BE-44FA-A091-47BAA493ABAD}.Debug|Any CPU.ActiveCfg = Debug|Any CPU
		{5274ACE4-F6BE-44FA-A091-47BAA493ABAD}.Debug|Any CPU.Build.0 = Debug|Any CPU
		{5274ACE4-F6BE-44FA-A091-47BAA493ABAD}.Release|Any CPU.ActiveCfg = Release|Any CPU
		{5274ACE4-F6BE-44FA-A091-47BAA493ABAD}.Release|Any CPU.Build.0 = Release|Any CPU
	EndGlobalSection
	GlobalSection(SolutionProperties) = preSolution
		HideSolutionNode = FALSE
	EndGlobalSection
	GlobalSection(ExtensibilityGlobals) = postSolution
		SolutionGuid = {E4256AA2-72A4-465D-90FE-FA844CA864EF}
	EndGlobalSection
EndGlobal
